{
  "version": 4,
  "terraform_version": "1.5.7",
  "serial": 57,
  "lineage": "2922d129-24a1-7714-aa15-ad2192a62906",
  "outputs": {},
  "resources": [
    {
      "mode": "data",
      "type": "google_storage_project_service_account",
      "name": "gcs_service_account",
      "provider": "provider[\"registry.terraform.io/hashicorp/google\"]",
      "instances": [
        {
          "schema_version": 0,
          "attributes": {
            "email_address": "service-730051144983@gs-project-accounts.iam.gserviceaccount.com",
            "id": "service-730051144983@gs-project-accounts.iam.gserviceaccount.com",
            "member": "serviceAccount:service-730051144983@gs-project-accounts.iam.gserviceaccount.com",
            "project": "social-publisher-01",
            "user_project": null
          },
          "sensitive_attributes": []
        }
      ]
    },
    {
      "mode": "managed",
      "type": "google_compute_backend_bucket",
      "name": "public_bucket_backend",
      "provider": "provider[\"registry.terraform.io/hashicorp/google\"]",
      "instances": [
        {
          "schema_version": 0,
          "attributes": {
            "bucket_name": "social-publisher-01-public-files",
            "cdn_policy": [
              {
                "bypass_cache_on_request_headers": [],
                "cache_key_policy": [],
                "cache_mode": "CACHE_ALL_STATIC",
                "client_ttl": 3600,
                "default_ttl": 3600,
                "max_ttl": 86400,
                "negative_caching": true,
                "negative_caching_policy": [],
                "request_coalescing": true,
                "serve_while_stale": 86400,
                "signed_url_cache_max_age_sec": 0
              }
            ],
            "compression_mode": "",
            "creation_timestamp": "2023-12-28T09:35:34.822-08:00",
            "custom_response_headers": null,
            "description": "",
            "edge_security_policy": "",
            "enable_cdn": true,
            "id": "projects/social-publisher-01/global/backendBuckets/social-publisher-01-public-files-backend",
            "name": "social-publisher-01-public-files-backend",
            "project": "social-publisher-01",
            "self_link": "https://www.googleapis.com/compute/v1/projects/social-publisher-01/global/backendBuckets/social-publisher-01-public-files-backend",
            "timeouts": null
          },
          "sensitive_attributes": [],
          "private": "eyJlMmJmYjczMC1lY2FhLTExZTYtOGY4OC0zNDM2M2JjN2M0YzAiOnsiY3JlYXRlIjoxMjAwMDAwMDAwMDAwLCJkZWxldGUiOjEyMDAwMDAwMDAwMDAsInVwZGF0ZSI6MTIwMDAwMDAwMDAwMH19",
          "dependencies": [
            "google_project.project",
            "google_project_service.compute_api",
            "google_storage_bucket.public_bucket"
          ]
        }
      ]
    },
    {
      "mode": "managed",
      "type": "google_compute_global_forwarding_rule",
      "name": "public_bucket_forwarding_rule",
      "provider": "provider[\"registry.terraform.io/hashicorp/google\"]",
      "instances": [
        {
          "schema_version": 0,
          "attributes": {
            "base_forwarding_rule": "",
            "description": "",
            "effective_labels": {},
            "id": "projects/social-publisher-01/global/forwardingRules/social-publisher-01-public-files-cdn-forwarding-rule",
            "ip_address": "34.149.241.164",
            "ip_protocol": "TCP",
            "ip_version": "",
            "label_fingerprint": "42WmSpB8rSM=",
            "labels": null,
            "load_balancing_scheme": "EXTERNAL",
            "metadata_filters": [],
            "name": "social-publisher-01-public-files-cdn-forwarding-rule",
            "network": "",
            "no_automate_dns_zone": null,
            "port_range": "80-80",
            "project": "social-publisher-01",
            "psc_connection_id": "",
            "psc_connection_status": "",
            "self_link": "https://www.googleapis.com/compute/v1/projects/social-publisher-01/global/forwardingRules/social-publisher-01-public-files-cdn-forwarding-rule",
            "service_directory_registrations": [],
            "source_ip_ranges": null,
            "subnetwork": "",
            "target": "https://www.googleapis.com/compute/v1/projects/social-publisher-01/global/targetHttpProxies/social-publisher-01-public-files-http-proxy",
            "terraform_labels": {},
            "timeouts": null
          },
          "sensitive_attributes": [],
          "private": "eyJlMmJmYjczMC1lY2FhLTExZTYtOGY4OC0zNDM2M2JjN2M0YzAiOnsiY3JlYXRlIjoxMjAwMDAwMDAwMDAwLCJkZWxldGUiOjEyMDAwMDAwMDAwMDAsInVwZGF0ZSI6MTIwMDAwMDAwMDAwMH19",
          "dependencies": [
            "google_compute_backend_bucket.public_bucket_backend",
            "google_compute_target_http_proxy.public_bucket_http_proxy",
            "google_compute_url_map.public_bucket_url_map",
            "google_project.project",
            "google_project_service.compute_api",
            "google_storage_bucket.public_bucket"
          ]
        }
      ]
    },
    {
      "mode": "managed",
      "type": "google_compute_target_http_proxy",
      "name": "public_bucket_http_proxy",
      "provider": "provider[\"registry.terraform.io/hashicorp/google\"]",
      "instances": [
        {
          "schema_version": 0,
          "attributes": {
            "creation_timestamp": "2023-12-28T09:35:58.606-08:00",
            "description": "",
            "http_keep_alive_timeout_sec": 0,
            "id": "projects/social-publisher-01/global/targetHttpProxies/social-publisher-01-public-files-http-proxy",
            "name": "social-publisher-01-public-files-http-proxy",
            "project": "social-publisher-01",
            "proxy_bind": false,
            "proxy_id": 4414790766369443601,
            "self_link": "https://www.googleapis.com/compute/v1/projects/social-publisher-01/global/targetHttpProxies/social-publisher-01-public-files-http-proxy",
            "timeouts": null,
            "url_map": "https://www.googleapis.com/compute/v1/projects/social-publisher-01/global/urlMaps/social-publisher-01-public-files-url-map"
          },
          "sensitive_attributes": [],
          "private": "eyJlMmJmYjczMC1lY2FhLTExZTYtOGY4OC0zNDM2M2JjN2M0YzAiOnsiY3JlYXRlIjoxMjAwMDAwMDAwMDAwLCJkZWxldGUiOjEyMDAwMDAwMDAwMDAsInVwZGF0ZSI6MTIwMDAwMDAwMDAwMH19",
          "dependencies": [
            "google_compute_backend_bucket.public_bucket_backend",
            "google_compute_url_map.public_bucket_url_map",
            "google_project.project",
            "google_project_service.compute_api",
            "google_storage_bucket.public_bucket"
          ]
        }
      ]
    },
    {
      "mode": "managed",
      "type": "google_compute_url_map",
      "name": "public_bucket_url_map",
      "provider": "provider[\"registry.terraform.io/hashicorp/google\"]",
      "instances": [
        {
          "schema_version": 0,
          "attributes": {
            "creation_timestamp": "2023-12-28T09:35:46.826-08:00",
            "default_route_action": [],
            "default_service": "https://www.googleapis.com/compute/v1/projects/social-publisher-01/global/backendBuckets/social-publisher-01-public-files-backend",
            "default_url_redirect": [],
            "description": "",
            "fingerprint": "MKEAmQ9zGvw=",
            "header_action": [],
            "host_rule": [],
            "id": "projects/social-publisher-01/global/urlMaps/social-publisher-01-public-files-url-map",
            "map_id": 7273421179252117277,
            "name": "social-publisher-01-public-files-url-map",
            "path_matcher": [],
            "project": "social-publisher-01",
            "self_link": "https://www.googleapis.com/compute/v1/projects/social-publisher-01/global/urlMaps/social-publisher-01-public-files-url-map",
            "test": [],
            "timeouts": null
          },
          "sensitive_attributes": [],
          "private": "eyJlMmJmYjczMC1lY2FhLTExZTYtOGY4OC0zNDM2M2JjN2M0YzAiOnsiY3JlYXRlIjoxMjAwMDAwMDAwMDAwLCJkZWxldGUiOjEyMDAwMDAwMDAwMDAsInVwZGF0ZSI6MTIwMDAwMDAwMDAwMH19",
          "dependencies": [
            "google_compute_backend_bucket.public_bucket_backend",
            "google_project.project",
            "google_project_service.compute_api",
            "google_storage_bucket.public_bucket"
          ]
        }
      ]
    },
    {
      "mode": "managed",
      "type": "google_project",
      "name": "project",
      "provider": "provider[\"registry.terraform.io/hashicorp/google\"]",
      "instances": [
        {
          "schema_version": 1,
          "attributes": {
            "auto_create_network": true,
            "billing_account": "0188C6-E4490E-7E9139",
            "effective_labels": {},
            "folder_id": "",
            "id": "projects/social-publisher-01",
            "labels": {},
            "name": "social-publisher",
            "number": "730051144983",
            "org_id": "496115849921",
            "project_id": "social-publisher-01",
            "skip_delete": null,
            "terraform_labels": {},
            "timeouts": null
          },
          "sensitive_attributes": [],
          "private": "eyJlMmJmYjczMC1lY2FhLTExZTYtOGY4OC0zNDM2M2JjN2M0YzAiOnsiY3JlYXRlIjo2MDAwMDAwMDAwMDAsImRlbGV0ZSI6NjAwMDAwMDAwMDAwLCJyZWFkIjo2MDAwMDAwMDAwMDAsInVwZGF0ZSI6NjAwMDAwMDAwMDAwfSwic2NoZW1hX3ZlcnNpb24iOiIxIn0="
        }
      ]
    },
    {
      "mode": "managed",
      "type": "google_project_iam_binding",
      "name": "pubsub_admin",
      "provider": "provider[\"registry.terraform.io/hashicorp/google\"]",
      "instances": [
        {
          "schema_version": 0,
          "attributes": {
            "condition": [],
            "etag": "BwYNf2ddwc4=",
            "id": "social-publisher-01/roles/pubsub.admin",
            "members": [
              "serviceAccount:storage-account@social-publisher-01.iam.gserviceaccount.com"
            ],
            "project": "social-publisher-01",
            "role": "roles/pubsub.admin"
          },
          "sensitive_attributes": [],
          "private": "bnVsbA==",
          "dependencies": [
            "google_project.project",
            "google_service_account.storage_account"
          ]
        }
      ]
    },
    {
      "mode": "managed",
      "type": "google_project_iam_binding",
      "name": "storage_admin",
      "provider": "provider[\"registry.terraform.io/hashicorp/google\"]",
      "instances": [
        {
          "schema_version": 0,
          "attributes": {
            "condition": [],
            "etag": "BwYNf2ddwc4=",
            "id": "social-publisher-01/roles/storage.admin",
            "members": [
              "serviceAccount:storage-account@social-publisher-01.iam.gserviceaccount.com"
            ],
            "project": "social-publisher-01",
            "role": "roles/storage.admin"
          },
          "sensitive_attributes": [],
          "private": "bnVsbA==",
          "dependencies": [
            "google_project.project",
            "google_service_account.storage_account"
          ]
        }
      ]
    },
    {
      "mode": "managed",
      "type": "google_project_service",
      "name": "compute_api",
      "provider": "provider[\"registry.terraform.io/hashicorp/google\"]",
      "instances": [
        {
          "schema_version": 0,
          "attributes": {
            "disable_dependent_services": null,
            "disable_on_destroy": true,
            "id": "social-publisher-01/compute.googleapis.com",
            "project": "social-publisher-01",
            "service": "compute.googleapis.com",
            "timeouts": null
          },
          "sensitive_attributes": [],
          "private": "eyJlMmJmYjczMC1lY2FhLTExZTYtOGY4OC0zNDM2M2JjN2M0YzAiOnsiY3JlYXRlIjoxMjAwMDAwMDAwMDAwLCJkZWxldGUiOjEyMDAwMDAwMDAwMDAsInJlYWQiOjYwMDAwMDAwMDAwMCwidXBkYXRlIjoxMjAwMDAwMDAwMDAwfX0=",
          "dependencies": [
            "google_project.project"
          ]
        }
      ]
    },
    {
      "mode": "managed",
      "type": "google_project_service",
      "name": "pubsub_api",
      "provider": "provider[\"registry.terraform.io/hashicorp/google\"]",
      "instances": [
        {
          "schema_version": 0,
          "attributes": {
            "disable_dependent_services": null,
            "disable_on_destroy": true,
            "id": "social-publisher-01/pubsub.googleapis.com",
            "project": "social-publisher-01",
            "service": "pubsub.googleapis.com",
            "timeouts": null
          },
          "sensitive_attributes": [],
          "private": "eyJlMmJmYjczMC1lY2FhLTExZTYtOGY4OC0zNDM2M2JjN2M0YzAiOnsiY3JlYXRlIjoxMjAwMDAwMDAwMDAwLCJkZWxldGUiOjEyMDAwMDAwMDAwMDAsInJlYWQiOjYwMDAwMDAwMDAwMCwidXBkYXRlIjoxMjAwMDAwMDAwMDAwfX0=",
          "dependencies": [
            "google_project.project"
          ]
        }
      ]
    },
    {
      "mode": "managed",
      "type": "google_project_service",
      "name": "storage_api",
      "provider": "provider[\"registry.terraform.io/hashicorp/google\"]",
      "instances": [
        {
          "schema_version": 0,
          "attributes": {
            "disable_dependent_services": null,
            "disable_on_destroy": true,
            "id": "social-publisher-01/storage.googleapis.com",
            "project": "social-publisher-01",
            "service": "storage.googleapis.com",
            "timeouts": null
          },
          "sensitive_attributes": [],
          "private": "eyJlMmJmYjczMC1lY2FhLTExZTYtOGY4OC0zNDM2M2JjN2M0YzAiOnsiY3JlYXRlIjoxMjAwMDAwMDAwMDAwLCJkZWxldGUiOjEyMDAwMDAwMDAwMDAsInJlYWQiOjYwMDAwMDAwMDAwMCwidXBkYXRlIjoxMjAwMDAwMDAwMDAwfX0=",
          "dependencies": [
            "google_project.project"
          ]
        }
      ]
    },
    {
      "mode": "managed",
      "type": "google_pubsub_subscription",
      "name": "gcs_subscription",
      "provider": "provider[\"registry.terraform.io/hashicorp/google\"]",
      "instances": [
        {
          "schema_version": 0,
          "attributes": {
            "ack_deadline_seconds": 20,
            "bigquery_config": [],
            "cloud_storage_config": [],
            "dead_letter_policy": [],
            "effective_labels": {},
            "enable_exactly_once_delivery": false,
            "enable_message_ordering": false,
            "expiration_policy": [
              {
                "ttl": "2678400s"
              }
            ],
            "filter": "",
            "id": "projects/social-publisher-01/subscriptions/public-storage-subscription",
            "labels": {},
            "message_retention_duration": "604800s",
            "name": "public-storage-subscription",
            "project": "social-publisher-01",
            "push_config": [],
            "retain_acked_messages": false,
            "retry_policy": [],
            "terraform_labels": {},
            "timeouts": null,
            "topic": "projects/social-publisher-01/topics/public-storage-topic"
          },
          "sensitive_attributes": [],
          "private": "eyJlMmJmYjczMC1lY2FhLTExZTYtOGY4OC0zNDM2M2JjN2M0YzAiOnsiY3JlYXRlIjoxMjAwMDAwMDAwMDAwLCJkZWxldGUiOjEyMDAwMDAwMDAwMDAsInVwZGF0ZSI6MTIwMDAwMDAwMDAwMH19",
          "dependencies": [
            "google_project.project",
            "google_pubsub_topic.gcs_notifications"
          ]
        }
      ]
    },
    {
      "mode": "managed",
      "type": "google_pubsub_topic",
      "name": "gcs_notifications",
      "provider": "provider[\"registry.terraform.io/hashicorp/google\"]",
      "instances": [
        {
          "schema_version": 0,
          "attributes": {
            "effective_labels": {},
            "id": "projects/social-publisher-01/topics/public-storage-topic",
            "kms_key_name": "",
            "labels": {},
            "message_retention_duration": "",
            "message_storage_policy": [],
            "name": "public-storage-topic",
            "project": "social-publisher-01",
            "schema_settings": [],
            "terraform_labels": {},
            "timeouts": null
          },
          "sensitive_attributes": [],
          "private": "eyJlMmJmYjczMC1lY2FhLTExZTYtOGY4OC0zNDM2M2JjN2M0YzAiOnsiY3JlYXRlIjoxMjAwMDAwMDAwMDAwLCJkZWxldGUiOjEyMDAwMDAwMDAwMDAsInVwZGF0ZSI6MTIwMDAwMDAwMDAwMH19",
          "dependencies": [
            "google_project.project"
          ]
        }
      ]
    },
    {
      "mode": "managed",
      "type": "google_pubsub_topic_iam_binding",
      "name": "pubsub_publisher",
      "provider": "provider[\"registry.terraform.io/hashicorp/google\"]",
      "instances": [
        {
          "schema_version": 0,
          "attributes": {
            "condition": [],
            "etag": "BwYNlUdjaec=",
            "id": "projects/social-publisher-01/topics/public-storage-topic/roles/pubsub.publisher",
            "members": [
              "serviceAccount:storage-account@social-publisher-01.iam.gserviceaccount.com"
            ],
            "project": "social-publisher-01",
            "role": "roles/pubsub.publisher",
            "topic": "projects/social-publisher-01/topics/public-storage-topic"
          },
          "sensitive_attributes": [],
          "private": "bnVsbA==",
          "dependencies": [
            "google_project.project",
            "google_pubsub_topic.gcs_notifications",
            "google_service_account.storage_account"
          ]
        }
      ]
    },
    {
      "mode": "managed",
      "type": "google_pubsub_topic_iam_binding",
      "name": "pubsub_storage_publisher",
      "provider": "provider[\"registry.terraform.io/hashicorp/google\"]",
      "instances": [
        {
          "schema_version": 0,
          "attributes": {
            "condition": [],
            "etag": "BwYNlVLGPlY=",
            "id": "projects/social-publisher-01/topics/public-storage-topic/roles/pubsub.publisher",
            "members": [
              "serviceAccount:service-730051144983@gs-project-accounts.iam.gserviceaccount.com"
            ],
            "project": "social-publisher-01",
            "role": "roles/pubsub.publisher",
            "topic": "projects/social-publisher-01/topics/public-storage-topic"
          },
          "sensitive_attributes": [],
          "private": "bnVsbA==",
          "dependencies": [
            "google_project.project",
            "google_pubsub_topic.gcs_notifications"
          ]
        }
      ]
    },
    {
      "mode": "managed",
      "type": "google_service_account",
      "name": "storage_account",
      "provider": "provider[\"registry.terraform.io/hashicorp/google\"]",
      "instances": [
        {
          "schema_version": 0,
          "attributes": {
            "account_id": "storage-account",
            "description": "",
            "disabled": false,
            "display_name": "Storage Service Account",
            "email": "storage-account@social-publisher-01.iam.gserviceaccount.com",
            "id": "projects/social-publisher-01/serviceAccounts/storage-account@social-publisher-01.iam.gserviceaccount.com",
            "member": "serviceAccount:storage-account@social-publisher-01.iam.gserviceaccount.com",
            "name": "projects/social-publisher-01/serviceAccounts/storage-account@social-publisher-01.iam.gserviceaccount.com",
            "project": "social-publisher-01",
            "timeouts": null,
            "unique_id": "113235717033249086125"
          },
          "sensitive_attributes": [],
          "private": "eyJlMmJmYjczMC1lY2FhLTExZTYtOGY4OC0zNDM2M2JjN2M0YzAiOnsiY3JlYXRlIjozMDAwMDAwMDAwMDB9fQ==",
          "dependencies": [
            "google_project.project"
          ]
        }
      ]
    },
    {
      "mode": "managed",
      "type": "google_storage_bucket",
      "name": "public_bucket",
      "provider": "provider[\"registry.terraform.io/hashicorp/google\"]",
      "instances": [
        {
          "schema_version": 1,
          "attributes": {
            "autoclass": [],
            "cors": [],
            "custom_placement_config": [],
            "default_event_based_hold": false,
            "effective_labels": {},
            "enable_object_retention": false,
            "encryption": [],
            "force_destroy": true,
            "id": "social-publisher-01-public-files",
            "labels": {},
            "lifecycle_rule": [],
            "location": "EU",
            "logging": [],
            "name": "social-publisher-01-public-files",
            "project": "social-publisher-01",
            "public_access_prevention": "inherited",
            "requester_pays": false,
            "retention_policy": [],
            "rpo": "DEFAULT",
            "self_link": "https://www.googleapis.com/storage/v1/b/social-publisher-01-public-files",
            "storage_class": "STANDARD",
            "terraform_labels": {},
            "timeouts": null,
            "uniform_bucket_level_access": false,
            "url": "gs://social-publisher-01-public-files",
            "versioning": [],
            "website": []
          },
          "sensitive_attributes": [],
          "private": "eyJlMmJmYjczMC1lY2FhLTExZTYtOGY4OC0zNDM2M2JjN2M0YzAiOnsiY3JlYXRlIjo2MDAwMDAwMDAwMDAsInJlYWQiOjI0MDAwMDAwMDAwMCwidXBkYXRlIjoyNDAwMDAwMDAwMDB9LCJzY2hlbWFfdmVyc2lvbiI6IjEifQ==",
          "dependencies": [
            "google_project.project"
          ]
        }
      ]
    },
    {
      "mode": "managed",
      "type": "google_storage_notification",
      "name": "gcs_notification",
      "provider": "provider[\"registry.terraform.io/hashicorp/google\"]",
      "instances": [
        {
          "schema_version": 0,
          "attributes": {
            "bucket": "social-publisher-01-public-files",
            "custom_attributes": {},
            "event_types": [
              "OBJECT_ARCHIVE",
              "OBJECT_DELETE",
              "OBJECT_FINALIZE",
              "OBJECT_METADATA_UPDATE"
            ],
            "id": "social-publisher-01-public-files/notificationConfigs/1",
            "notification_id": "1",
            "object_name_prefix": "",
            "payload_format": "JSON_API_V1",
            "self_link": "https://www.googleapis.com/storage/v1/b/social-publisher-01-public-files/notificationConfigs/1",
            "topic": "//pubsub.googleapis.com/projects/social-publisher-01/topics/public-storage-topic"
          },
          "sensitive_attributes": [],
          "private": "bnVsbA==",
          "dependencies": [
            "google_project.project",
            "google_pubsub_topic.gcs_notifications",
            "google_pubsub_topic_iam_binding.pubsub_publisher",
            "google_pubsub_topic_iam_binding.pubsub_storage_publisher",
            "google_service_account.storage_account",
            "google_storage_bucket.public_bucket"
          ]
        }
      ]
    }
  ],
  "check_results": null
}
